
Microsoft Visual Studio Solution File, Format Version 12.00
# Visual Studio 14
VisualStudioVersion = 14.0.24720.0
MinimumVisualStudioVersion = 10.0.40219.1
Project("{F184B08F-C81C-45F6-A57F-5ABD9991F28F}") = "Sonos Streamer", "Sonos Streamer\Sonos Streamer.vbproj", "{D3491909-F251-40A9-B2BA-43805BA5E2B9}"
EndProject
Project("{2150E333-8FDC-42A3-9474-1A3956D46DE8}") = "Solution Items", "Solution Items", "{A80E875B-C0E3-4FD2-9C75-90AEBB575123}"
	ProjectSection(SolutionItems) = preProject
		Class1.vb = Class1.vb
	EndProjectSection
EndProject
Global
	GlobalSection(SolutionConfigurationPlatforms) = preSolution
		Debug|Any CPU = Debug|Any CPU
		Release|Any CPU = Release|Any CPU
	EndGlobalSection
	GlobalSection(ProjectConfigurationPlatforms) = postSolution
		{D3491909-F251-40A9-B2BA-43805BA5E2B9}.Debug|Any CPU.ActiveCfg = Debug|Any CPU
		{D3491909-F251-40A9-B2BA-43805BA5E2B9}.Debug|Any CPU.Build.0 = Debug|Any CPU
		{D3491909-F251-40A9-B2BA-43805BA5E2B9}.Release|Any CPU.ActiveCfg = Release|Any CPU
		{D3491909-F251-40A9-B2BA-43805BA5E2B9}.Release|Any CPU.Build.0 = Release|Any CPU
	EndGlobalSection
	GlobalSection(SolutionProperties) = preSolution
		HideSolutionNode = FALSE
	EndGlobalSection
EndGlobal
