
Microsoft Visual Studio Solution File, Format Version 11.00
# Visual Studio 2010
Project("{FAE04EC0-301F-11D3-BF4B-00C04F79EFBC}") = "Linq queries lesson -1", "Linq queries lesson -1\Linq queries lesson -1.csproj", "{65C739AC-7477-4BE6-8882-93477AEFA1CE}"
EndProject
Global
	GlobalSection(SolutionConfigurationPlatforms) = preSolution
		Debug|x86 = Debug|x86
		Release|x86 = Release|x86
	EndGlobalSection
	GlobalSection(ProjectConfigurationPlatforms) = postSolution
		{65C739AC-7477-4BE6-8882-93477AEFA1CE}.Debug|x86.ActiveCfg = Debug|x86
		{65C739AC-7477-4BE6-8882-93477AEFA1CE}.Debug|x86.Build.0 = Debug|x86
		{65C739AC-7477-4BE6-8882-93477AEFA1CE}.Release|x86.ActiveCfg = Release|x86
		{65C739AC-7477-4BE6-8882-93477AEFA1CE}.Release|x86.Build.0 = Release|x86
	EndGlobalSection
	GlobalSection(SolutionProperties) = preSolution
		HideSolutionNode = FALSE
	EndGlobalSection
EndGlobal
