
Microsoft Visual Studio Solution File, Format Version 11.00
# Visual Studio 2010
Project("{FAE04EC0-301F-11D3-BF4B-00C04F79EFBC}") = "Lessons-07 classes", "Lessons-07 classes\Lessons-07 classes.csproj", "{D08BCAB5-5400-4E5F-A0FB-76ED9EBC56ED}"
EndProject
Global
	GlobalSection(SolutionConfigurationPlatforms) = preSolution
		Debug|x86 = Debug|x86
		Release|x86 = Release|x86
	EndGlobalSection
	GlobalSection(ProjectConfigurationPlatforms) = postSolution
		{D08BCAB5-5400-4E5F-A0FB-76ED9EBC56ED}.Debug|x86.ActiveCfg = Debug|x86
		{D08BCAB5-5400-4E5F-A0FB-76ED9EBC56ED}.Debug|x86.Build.0 = Debug|x86
		{D08BCAB5-5400-4E5F-A0FB-76ED9EBC56ED}.Release|x86.ActiveCfg = Release|x86
		{D08BCAB5-5400-4E5F-A0FB-76ED9EBC56ED}.Release|x86.Build.0 = Release|x86
	EndGlobalSection
	GlobalSection(SolutionProperties) = preSolution
		HideSolutionNode = FALSE
	EndGlobalSection
EndGlobal
