
Microsoft Visual Studio Solution File, Format Version 11.00
# Visual Studio 2010
Project("{FAE04EC0-301F-11D3-BF4B-00C04F79EFBC}") = "Teknotrans_Statistics-2015-11-23", "Teknotrans_Statistics-2015-11-23\Teknotrans_Statistics-2015-11-23.csproj", "{0BCBAAD8-3CF1-494E-9DB4-D2F6E190265D}"
EndProject
Global
	GlobalSection(SolutionConfigurationPlatforms) = preSolution
		Debug|x86 = Debug|x86
		Release|x86 = Release|x86
	EndGlobalSection
	GlobalSection(ProjectConfigurationPlatforms) = postSolution
		{0BCBAAD8-3CF1-494E-9DB4-D2F6E190265D}.Debug|x86.ActiveCfg = Debug|x86
		{0BCBAAD8-3CF1-494E-9DB4-D2F6E190265D}.Debug|x86.Build.0 = Debug|x86
		{0BCBAAD8-3CF1-494E-9DB4-D2F6E190265D}.Release|x86.ActiveCfg = Release|x86
		{0BCBAAD8-3CF1-494E-9DB4-D2F6E190265D}.Release|x86.Build.0 = Release|x86
	EndGlobalSection
	GlobalSection(SolutionProperties) = preSolution
		HideSolutionNode = FALSE
	EndGlobalSection
EndGlobal
