
Microsoft Visual Studio Solution File, Format Version 11.00
# Visual Studio 2010
Project("{8BC9CEB8-8B4A-11D0-8D11-00A0C91BC942}") = "MyFirstApp", "MyFirstApp\MyFirstApp.vcxproj", "{93AD0220-28FB-4EB8-A6B6-EDB08D0BC61C}"
EndProject
Global
	GlobalSection(SolutionConfigurationPlatforms) = preSolution
		Debug|Win32 = Debug|Win32
		Release|Win32 = Release|Win32
	EndGlobalSection
	GlobalSection(ProjectConfigurationPlatforms) = postSolution
		{93AD0220-28FB-4EB8-A6B6-EDB08D0BC61C}.Debug|Win32.ActiveCfg = Debug|Win32
		{93AD0220-28FB-4EB8-A6B6-EDB08D0BC61C}.Debug|Win32.Build.0 = Debug|Win32
		{93AD0220-28FB-4EB8-A6B6-EDB08D0BC61C}.Release|Win32.ActiveCfg = Release|Win32
		{93AD0220-28FB-4EB8-A6B6-EDB08D0BC61C}.Release|Win32.Build.0 = Release|Win32
	EndGlobalSection
	GlobalSection(SolutionProperties) = preSolution
		HideSolutionNode = FALSE
	EndGlobalSection
EndGlobal
